{
  "lockfileVersion": 1,
  "workspaces": {
    "": {
      "name": "test",
      "dependencies": {
        "@types/chrome": "^0.0.277",
        "@types/jquery": "^3.5.31",
        "@types/node": "^22.7.5",
        "jquery": "^3.7.1",
      },
      "devDependencies": {
        "@rsbuild/core": "^1.0.1",
        "chokidar": "^4.0.3",
        "typescript": "^5.5.2",
      },
    },
  },
  "packages": {
    "@module-federation/error-codes": ["@module-federation/error-codes@0.13.1", "", {}, "sha512-azgGDBnFRfqlivHOl96ZjlFUFlukESz2Rnnz/pINiSqoBBNjUE0fcAZP4X6jgrVITuEg90YkruZa7pW9I3m7Uw=="],

    "@module-federation/runtime": ["@module-federation/runtime@0.13.1", "", { "dependencies": { "@module-federation/error-codes": "0.13.1", "@module-federation/runtime-core": "0.13.1", "@module-federation/sdk": "0.13.1" } }, "sha512-ZHnYvBquDm49LiHfv6fgagMo/cVJneijNJzfPh6S0CJrPS2Tay1bnTXzy8VA5sdIrESagYPaskKMGIj7YfnPug=="],

    "@module-federation/runtime-core": ["@module-federation/runtime-core@0.13.1", "", { "dependencies": { "@module-federation/error-codes": "0.13.1", "@module-federation/sdk": "0.13.1" } }, "sha512-TfyKfkSAentKeuvSsAItk8s5tqQSMfIRTPN2e1aoaq/kFhE+7blps719csyWSX5Lg5Es7WXKMsXHy40UgtBtuw=="],

    "@module-federation/runtime-tools": ["@module-federation/runtime-tools@0.13.1", "", { "dependencies": { "@module-federation/runtime": "0.13.1", "@module-federation/webpack-bundler-runtime": "0.13.1" } }, "sha512-GEF1pxqLc80osIMZmE8j9UKZSaTm2hX2lql8tgIH/O9yK4wnF06k6LL5Ah+wJt+oJv6Dj55ri/MoxMP4SXoPNA=="],

    "@module-federation/sdk": ["@module-federation/sdk@0.13.1", "", {}, "sha512-bmf2FGQ0ymZuxYnw9bIUfhV3y6zDhaqgydEjbl4msObKMLGXZqhse2pTIIxBFpIxR1oONKX/y2FAolDCTlWKiw=="],

    "@module-federation/webpack-bundler-runtime": ["@module-federation/webpack-bundler-runtime@0.13.1", "", { "dependencies": { "@module-federation/runtime": "0.13.1", "@module-federation/sdk": "0.13.1" } }, "sha512-QSuSIGa09S8mthbB1L6xERqrz+AzPlHR6D7RwAzssAc+IHf40U6NiTLPzUqp9mmKDhC5Tm0EISU0ZHNeJpnpBQ=="],

    "@rsbuild/core": ["@rsbuild/core@1.3.21", "", { "dependencies": { "@rspack/core": "1.3.11", "@rspack/lite-tapable": "~1.0.1", "@swc/helpers": "^0.5.17", "core-js": "~3.42.0", "jiti": "^2.4.2" }, "bin": { "rsbuild": "bin/rsbuild.js" } }, "sha512-0Xy3CEFiLFXZpPmmVmX1XvfAENGrb5IyXYL7zkJ8vF7v3fmZgo3yy3ZeY8SesPTsiZIbCObJ6PemFbLee3S3oA=="],

    "@rspack/binding": ["@rspack/binding@1.3.11", "", { "optionalDependencies": { "@rspack/binding-darwin-arm64": "1.3.11", "@rspack/binding-darwin-x64": "1.3.11", "@rspack/binding-linux-arm64-gnu": "1.3.11", "@rspack/binding-linux-arm64-musl": "1.3.11", "@rspack/binding-linux-x64-gnu": "1.3.11", "@rspack/binding-linux-x64-musl": "1.3.11", "@rspack/binding-win32-arm64-msvc": "1.3.11", "@rspack/binding-win32-ia32-msvc": "1.3.11", "@rspack/binding-win32-x64-msvc": "1.3.11" } }, "sha512-BbMfZHqfH+CzFtZDg+v9nbKifJIJDUPD6KuoWlHq581koKvD3UMx6oVrj9w13JvO2xWNPeHclmqWAFgoD7faEQ=="],

    "@rspack/binding-darwin-arm64": ["@rspack/binding-darwin-arm64@1.3.11", "", { "os": "darwin", "cpu": "arm64" }, "sha512-sGoFDXYNinubhEiPSjtA/ua3qhMj6VVBPTSDvprZj+MT18YV7tQQtwBpm+8sbqJ1P5y+a3mzsP3IphRWyIQyXw=="],

    "@rspack/binding-darwin-x64": ["@rspack/binding-darwin-x64@1.3.11", "", { "os": "darwin", "cpu": "x64" }, "sha512-4zgOkCLxhp4Ki98GuDaZgz4exXcE4+sgvXY/xA/A5FGPVRbfQLQ5psSOk0F/gvMua1r15E66loQRJpuzUK6bTA=="],

    "@rspack/binding-linux-arm64-gnu": ["@rspack/binding-linux-arm64-gnu@1.3.11", "", { "os": "linux", "cpu": "arm64" }, "sha512-NIOaIfYUmJs1XL4lbGVtcMm1KlA/6ZR6oAbs2ekofKXtJYAFQgnLTf7ZFmIwVjS0mP78BmeSNcIM6pd2w5id4w=="],

    "@rspack/binding-linux-arm64-musl": ["@rspack/binding-linux-arm64-musl@1.3.11", "", { "os": "linux", "cpu": "arm64" }, "sha512-CRRAQ379uzA2QfD9HHNtxuuqzGksUapMVcTLY5NIXWfvHLUJShdlSJQv3UQcqgAJNrMY7Ex1PnoQs1jZgUiqZA=="],

    "@rspack/binding-linux-x64-gnu": ["@rspack/binding-linux-x64-gnu@1.3.11", "", { "os": "linux", "cpu": "x64" }, "sha512-k3OyvLneX2ZeL8z/OzPojpImqy6PgqKJD+NtOvcr/TgbgADHZ3xQttf6B2X+qnZMAgOZ+RTeTkOFrvsg9AEKmA=="],

    "@rspack/binding-linux-x64-musl": ["@rspack/binding-linux-x64-musl@1.3.11", "", { "os": "linux", "cpu": "x64" }, "sha512-2agcELyyQ95jWGCW0YWD0TvAcN40yUjmxn9NXQBLHPX5Eb07NaHXairMsvV9vqQsPsq0nxxfd9Wsow18Y5r/Hw=="],

    "@rspack/binding-win32-arm64-msvc": ["@rspack/binding-win32-arm64-msvc@1.3.11", "", { "os": "win32", "cpu": "arm64" }, "sha512-sjGoChazu0krigT/LVwGUsgCv3D3s/4cR/3P4VzuDNVlb4pbh1CDa642Fr0TceqAXCeKW5GiL/EQOfZ4semtcQ=="],

    "@rspack/binding-win32-ia32-msvc": ["@rspack/binding-win32-ia32-msvc@1.3.11", "", { "os": "win32", "cpu": "ia32" }, "sha512-tjywW84oQLSqRmvQZ+fXP7e3eNmjScYrlWEPAQFjf08N19iAJ9UOGuuFw8Fk5ZmrlNZ2Qo9ASSOI7Nnwx2aZYg=="],

    "@rspack/binding-win32-x64-msvc": ["@rspack/binding-win32-x64-msvc@1.3.11", "", { "os": "win32", "cpu": "x64" }, "sha512-pPy3yU6SAMfEPY7ki1KAetiDFfRbkYMiX3F89P9kX01UAePkLRNsjacHF4w7N3EsBsWn1FlGaYZdlzmOI5pg2Q=="],

    "@rspack/core": ["@rspack/core@1.3.11", "", { "dependencies": { "@module-federation/runtime-tools": "0.13.1", "@rspack/binding": "1.3.11", "@rspack/lite-tapable": "1.0.1", "caniuse-lite": "^1.0.30001718" }, "peerDependencies": { "@swc/helpers": ">=0.5.1" }, "optionalPeers": ["@swc/helpers"] }, "sha512-aSYPtT1gum5MCfcFANdTroJ4JwzozuL3wX0twMGNAB7amq6+nZrbsUKWjcHgneCeZdahxzrKdyYef3FHaJ7lEA=="],

    "@rspack/lite-tapable": ["@rspack/lite-tapable@1.0.1", "", {}, "sha512-VynGOEsVw2s8TAlLf/uESfrgfrq2+rcXB1muPJYBWbsm1Oa6r5qVQhjA5ggM6z/coYPrsVMgovl3Ff7Q7OCp1w=="],

    "@swc/helpers": ["@swc/helpers@0.5.17", "", { "dependencies": { "tslib": "^2.8.0" } }, "sha512-5IKx/Y13RsYd+sauPb2x+U/xZikHjolzfuDgTAl/Tdf3Q8rslRvC19NKDLgAJQ6wsqADk10ntlv08nPFw/gO/A=="],

    "@types/chrome": ["@types/chrome@0.0.277", "", { "dependencies": { "@types/filesystem": "*", "@types/har-format": "*" } }, "sha512-qoTgBcDWblSsX+jvFnpUlLUE3LAuOhZfBh9MyMWMQHDsQiYVgBvdZWu9COrdB9+aNnInEyXcFgfc2HE16sdSYQ=="],

    "@types/filesystem": ["@types/filesystem@0.0.36", "", { "dependencies": { "@types/filewriter": "*" } }, "sha512-vPDXOZuannb9FZdxgHnqSwAG/jvdGM8Wq+6N4D/d80z+D4HWH+bItqsZaVRQykAn6WEVeEkLm2oQigyHtgb0RA=="],

    "@types/filewriter": ["@types/filewriter@0.0.33", "", {}, "sha512-xFU8ZXTw4gd358lb2jw25nxY9QAgqn2+bKKjKOYfNCzN4DKCFetK7sPtrlpg66Ywe3vWY9FNxprZawAh9wfJ3g=="],

    "@types/har-format": ["@types/har-format@1.2.16", "", {}, "sha512-fluxdy7ryD3MV6h8pTfTYpy/xQzCFC7m89nOH9y94cNqJ1mDIDPut7MnRHI3F6qRmh/cT2fUjG1MLdCNb4hE9A=="],

    "@types/jquery": ["@types/jquery@3.5.32", "", { "dependencies": { "@types/sizzle": "*" } }, "sha512-b9Xbf4CkMqS02YH8zACqN1xzdxc3cO735Qe5AbSUFmyOiaWAbcpqh9Wna+Uk0vgACvoQHpWDg2rGdHkYPLmCiQ=="],

    "@types/node": ["@types/node@22.15.20", "", { "dependencies": { "undici-types": "~6.21.0" } }, "sha512-A6BohGFRGHAscJsTslDCA9JG7qSJr/DWUvrvY8yi9IgnGtMxCyat7vvQ//MFa0DnLsyuS3wYTpLdw4Hf+Q5JXw=="],

    "@types/sizzle": ["@types/sizzle@2.3.9", "", {}, "sha512-xzLEyKB50yqCUPUJkIsrVvoWNfFUbIZI+RspLWt8u+tIW/BetMBZtgV2LY/2o+tYH8dRvQ+eoPf3NdhQCcLE2w=="],

    "caniuse-lite": ["caniuse-lite@1.0.30001718", "", {}, "sha512-AflseV1ahcSunK53NfEs9gFWgOEmzr0f+kaMFA4xiLZlr9Hzt7HxcSpIFcnNCUkz6R6dWKa54rUz3HUmI3nVcw=="],

    "chokidar": ["chokidar@4.0.3", "", { "dependencies": { "readdirp": "^4.0.1" } }, "sha512-Qgzu8kfBvo+cA4962jnP1KkS6Dop5NS6g7R5LFYJr4b8Ub94PPQXUksCw9PvXoeXPRRddRNC5C1JQUR2SMGtnA=="],

    "core-js": ["core-js@3.42.0", "", {}, "sha512-Sz4PP4ZA+Rq4II21qkNqOEDTDrCvcANId3xpIgB34NDkWc3UduWj2dqEtN9yZIq8Dk3HyPI33x9sqqU5C8sr0g=="],

    "jiti": ["jiti@2.4.2", "", { "bin": { "jiti": "lib/jiti-cli.mjs" } }, "sha512-rg9zJN+G4n2nfJl5MW3BMygZX56zKPNVEYYqq7adpmMh4Jn2QNEwhvQlFy6jPVdcod7txZtKHWnyZiA3a0zP7A=="],

    "jquery": ["jquery@3.7.1", "", {}, "sha512-m4avr8yL8kmFN8psrbFFFmB/If14iN5o9nw/NgnnM+kybDJpRsAynV2BsfpTYrTRysYUdADVD7CkUUizgkpLfg=="],

    "readdirp": ["readdirp@4.1.2", "", {}, "sha512-GDhwkLfywWL2s6vEjyhri+eXmfH6j1L7JE27WhqLeYzoh/A3DBaYGEj2H/HFZCn/kMfim73FXxEJTw06WtxQwg=="],

    "tslib": ["tslib@2.8.1", "", {}, "sha512-oJFu94HQb+KVduSUQL7wnpmqnfmLsOA/nAh6b6EH0wCEoK0/mPeXU6c3wKDV83MkOuHPRHtSXKKU99IBazS/2w=="],

    "typescript": ["typescript@5.8.3", "", { "bin": { "tsc": "bin/tsc", "tsserver": "bin/tsserver" } }, "sha512-p1diW6TqL9L07nNxvRMM7hMMw4c5XOo/1ibL4aAIGmSAt9slTE1Xgw5KWuof2uTOvCg9BY7ZRi+GaF+7sfgPeQ=="],

    "undici-types": ["undici-types@6.21.0", "", {}, "sha512-iwDZqg0QAGrg9Rav5H4n0M64c3mkR59cJ6wQp+7C4nI0gsmExaedaYLNO44eT4AtBBwjbTiGPMlt2Md0T9H9JQ=="],
  }
}
