{
  "lockfileVersion": 1,
  "workspaces": {
    "": {
      "name": "test",
      "dependencies": {
        "@types/chrome": "^0.0.277",
        "@types/jquery": "^3.5.31",
        "@types/node": "^22.7.5",
        "jquery": "^3.7.1",
        "react": "^19.1.0",
        "react-dom": "^19.1.0",
      },
      "devDependencies": {
        "@biomejs/biome": "^1.9.4",
        "@rsbuild/core": "^1.3.15",
        "@rsbuild/plugin-react": "^1.3.0",
        "@types/react": "^19.1.2",
        "@types/react-dom": "^19.1.3",
        "chokidar": "^4.0.3",
        "typescript": "^5.8.3",
      },
    },
  },
  "packages": {
    "@biomejs/biome": ["@biomejs/biome@1.9.4", "", { "optionalDependencies": { "@biomejs/cli-darwin-arm64": "1.9.4", "@biomejs/cli-darwin-x64": "1.9.4", "@biomejs/cli-linux-arm64": "1.9.4", "@biomejs/cli-linux-arm64-musl": "1.9.4", "@biomejs/cli-linux-x64": "1.9.4", "@biomejs/cli-linux-x64-musl": "1.9.4", "@biomejs/cli-win32-arm64": "1.9.4", "@biomejs/cli-win32-x64": "1.9.4" }, "bin": { "biome": "bin/biome" } }, "sha512-1rkd7G70+o9KkTn5KLmDYXihGoTaIGO9PIIN2ZB7UJxFrWw04CZHPYiMRjYsaDvVV7hP1dYNRLxSANLaBFGpog=="],

    "@biomejs/cli-darwin-arm64": ["@biomejs/cli-darwin-arm64@1.9.4", "", { "os": "darwin", "cpu": "arm64" }, "sha512-bFBsPWrNvkdKrNCYeAp+xo2HecOGPAy9WyNyB/jKnnedgzl4W4Hb9ZMzYNbf8dMCGmUdSavlYHiR01QaYR58cw=="],

    "@biomejs/cli-darwin-x64": ["@biomejs/cli-darwin-x64@1.9.4", "", { "os": "darwin", "cpu": "x64" }, "sha512-ngYBh/+bEedqkSevPVhLP4QfVPCpb+4BBe2p7Xs32dBgs7rh9nY2AIYUL6BgLw1JVXV8GlpKmb/hNiuIxfPfZg=="],

    "@biomejs/cli-linux-arm64": ["@biomejs/cli-linux-arm64@1.9.4", "", { "os": "linux", "cpu": "arm64" }, "sha512-fJIW0+LYujdjUgJJuwesP4EjIBl/N/TcOX3IvIHJQNsAqvV2CHIogsmA94BPG6jZATS4Hi+xv4SkBBQSt1N4/g=="],

    "@biomejs/cli-linux-arm64-musl": ["@biomejs/cli-linux-arm64-musl@1.9.4", "", { "os": "linux", "cpu": "arm64" }, "sha512-v665Ct9WCRjGa8+kTr0CzApU0+XXtRgwmzIf1SeKSGAv+2scAlW6JR5PMFo6FzqqZ64Po79cKODKf3/AAmECqA=="],

    "@biomejs/cli-linux-x64": ["@biomejs/cli-linux-x64@1.9.4", "", { "os": "linux", "cpu": "x64" }, "sha512-lRCJv/Vi3Vlwmbd6K+oQ0KhLHMAysN8lXoCI7XeHlxaajk06u7G+UsFSO01NAs5iYuWKmVZjmiOzJ0OJmGsMwg=="],

    "@biomejs/cli-linux-x64-musl": ["@biomejs/cli-linux-x64-musl@1.9.4", "", { "os": "linux", "cpu": "x64" }, "sha512-gEhi/jSBhZ2m6wjV530Yy8+fNqG8PAinM3oV7CyO+6c3CEh16Eizm21uHVsyVBEB6RIM8JHIl6AGYCv6Q6Q9Tg=="],

    "@biomejs/cli-win32-arm64": ["@biomejs/cli-win32-arm64@1.9.4", "", { "os": "win32", "cpu": "arm64" }, "sha512-tlbhLk+WXZmgwoIKwHIHEBZUwxml7bRJgk0X2sPyNR3S93cdRq6XulAZRQJ17FYGGzWne0fgrXBKpl7l4M87Hg=="],

    "@biomejs/cli-win32-x64": ["@biomejs/cli-win32-x64@1.9.4", "", { "os": "win32", "cpu": "x64" }, "sha512-8Y5wMhVIPaWe6jw2H+KlEm4wP/f7EW3810ZLmDlrEEy5KvBsb9ECEfu/kMWD484ijfQ8+nIi0giMgu9g1UAuuA=="],

    "@module-federation/error-codes": ["@module-federation/error-codes@0.13.1", "", {}, "sha512-azgGDBnFRfqlivHOl96ZjlFUFlukESz2Rnnz/pINiSqoBBNjUE0fcAZP4X6jgrVITuEg90YkruZa7pW9I3m7Uw=="],

    "@module-federation/runtime": ["@module-federation/runtime@0.13.1", "", { "dependencies": { "@module-federation/error-codes": "0.13.1", "@module-federation/runtime-core": "0.13.1", "@module-federation/sdk": "0.13.1" } }, "sha512-ZHnYvBquDm49LiHfv6fgagMo/cVJneijNJzfPh6S0CJrPS2Tay1bnTXzy8VA5sdIrESagYPaskKMGIj7YfnPug=="],

    "@module-federation/runtime-core": ["@module-federation/runtime-core@0.13.1", "", { "dependencies": { "@module-federation/error-codes": "0.13.1", "@module-federation/sdk": "0.13.1" } }, "sha512-TfyKfkSAentKeuvSsAItk8s5tqQSMfIRTPN2e1aoaq/kFhE+7blps719csyWSX5Lg5Es7WXKMsXHy40UgtBtuw=="],

    "@module-federation/runtime-tools": ["@module-federation/runtime-tools@0.13.1", "", { "dependencies": { "@module-federation/runtime": "0.13.1", "@module-federation/webpack-bundler-runtime": "0.13.1" } }, "sha512-GEF1pxqLc80osIMZmE8j9UKZSaTm2hX2lql8tgIH/O9yK4wnF06k6LL5Ah+wJt+oJv6Dj55ri/MoxMP4SXoPNA=="],

    "@module-federation/sdk": ["@module-federation/sdk@0.13.1", "", {}, "sha512-bmf2FGQ0ymZuxYnw9bIUfhV3y6zDhaqgydEjbl4msObKMLGXZqhse2pTIIxBFpIxR1oONKX/y2FAolDCTlWKiw=="],

    "@module-federation/webpack-bundler-runtime": ["@module-federation/webpack-bundler-runtime@0.13.1", "", { "dependencies": { "@module-federation/runtime": "0.13.1", "@module-federation/sdk": "0.13.1" } }, "sha512-QSuSIGa09S8mthbB1L6xERqrz+AzPlHR6D7RwAzssAc+IHf40U6NiTLPzUqp9mmKDhC5Tm0EISU0ZHNeJpnpBQ=="],

    "@rsbuild/core": ["@rsbuild/core@1.3.21", "", { "dependencies": { "@rspack/core": "1.3.11", "@rspack/lite-tapable": "~1.0.1", "@swc/helpers": "^0.5.17", "core-js": "~3.42.0", "jiti": "^2.4.2" }, "bin": { "rsbuild": "bin/rsbuild.js" } }, "sha512-0Xy3CEFiLFXZpPmmVmX1XvfAENGrb5IyXYL7zkJ8vF7v3fmZgo3yy3ZeY8SesPTsiZIbCObJ6PemFbLee3S3oA=="],

    "@rsbuild/plugin-react": ["@rsbuild/plugin-react@1.3.1", "", { "dependencies": { "@rspack/plugin-react-refresh": "~1.4.2", "react-refresh": "^0.17.0" }, "peerDependencies": { "@rsbuild/core": "1.x" } }, "sha512-1PfE0CZDwiSIUFaMFOEprwsHK6oo29zU6DdtFH2D49uLcpUdOUvU1u2p00RCVO1CIgnAjRajLS7dnPdQUwFOuQ=="],

    "@rspack/binding": ["@rspack/binding@1.3.11", "", { "optionalDependencies": { "@rspack/binding-darwin-arm64": "1.3.11", "@rspack/binding-darwin-x64": "1.3.11", "@rspack/binding-linux-arm64-gnu": "1.3.11", "@rspack/binding-linux-arm64-musl": "1.3.11", "@rspack/binding-linux-x64-gnu": "1.3.11", "@rspack/binding-linux-x64-musl": "1.3.11", "@rspack/binding-win32-arm64-msvc": "1.3.11", "@rspack/binding-win32-ia32-msvc": "1.3.11", "@rspack/binding-win32-x64-msvc": "1.3.11" } }, "sha512-BbMfZHqfH+CzFtZDg+v9nbKifJIJDUPD6KuoWlHq581koKvD3UMx6oVrj9w13JvO2xWNPeHclmqWAFgoD7faEQ=="],

    "@rspack/binding-darwin-arm64": ["@rspack/binding-darwin-arm64@1.3.11", "", { "os": "darwin", "cpu": "arm64" }, "sha512-sGoFDXYNinubhEiPSjtA/ua3qhMj6VVBPTSDvprZj+MT18YV7tQQtwBpm+8sbqJ1P5y+a3mzsP3IphRWyIQyXw=="],

    "@rspack/binding-darwin-x64": ["@rspack/binding-darwin-x64@1.3.11", "", { "os": "darwin", "cpu": "x64" }, "sha512-4zgOkCLxhp4Ki98GuDaZgz4exXcE4+sgvXY/xA/A5FGPVRbfQLQ5psSOk0F/gvMua1r15E66loQRJpuzUK6bTA=="],

    "@rspack/binding-linux-arm64-gnu": ["@rspack/binding-linux-arm64-gnu@1.3.11", "", { "os": "linux", "cpu": "arm64" }, "sha512-NIOaIfYUmJs1XL4lbGVtcMm1KlA/6ZR6oAbs2ekofKXtJYAFQgnLTf7ZFmIwVjS0mP78BmeSNcIM6pd2w5id4w=="],

    "@rspack/binding-linux-arm64-musl": ["@rspack/binding-linux-arm64-musl@1.3.11", "", { "os": "linux", "cpu": "arm64" }, "sha512-CRRAQ379uzA2QfD9HHNtxuuqzGksUapMVcTLY5NIXWfvHLUJShdlSJQv3UQcqgAJNrMY7Ex1PnoQs1jZgUiqZA=="],

    "@rspack/binding-linux-x64-gnu": ["@rspack/binding-linux-x64-gnu@1.3.11", "", { "os": "linux", "cpu": "x64" }, "sha512-k3OyvLneX2ZeL8z/OzPojpImqy6PgqKJD+NtOvcr/TgbgADHZ3xQttf6B2X+qnZMAgOZ+RTeTkOFrvsg9AEKmA=="],

    "@rspack/binding-linux-x64-musl": ["@rspack/binding-linux-x64-musl@1.3.11", "", { "os": "linux", "cpu": "x64" }, "sha512-2agcELyyQ95jWGCW0YWD0TvAcN40yUjmxn9NXQBLHPX5Eb07NaHXairMsvV9vqQsPsq0nxxfd9Wsow18Y5r/Hw=="],

    "@rspack/binding-win32-arm64-msvc": ["@rspack/binding-win32-arm64-msvc@1.3.11", "", { "os": "win32", "cpu": "arm64" }, "sha512-sjGoChazu0krigT/LVwGUsgCv3D3s/4cR/3P4VzuDNVlb4pbh1CDa642Fr0TceqAXCeKW5GiL/EQOfZ4semtcQ=="],

    "@rspack/binding-win32-ia32-msvc": ["@rspack/binding-win32-ia32-msvc@1.3.11", "", { "os": "win32", "cpu": "ia32" }, "sha512-tjywW84oQLSqRmvQZ+fXP7e3eNmjScYrlWEPAQFjf08N19iAJ9UOGuuFw8Fk5ZmrlNZ2Qo9ASSOI7Nnwx2aZYg=="],

    "@rspack/binding-win32-x64-msvc": ["@rspack/binding-win32-x64-msvc@1.3.11", "", { "os": "win32", "cpu": "x64" }, "sha512-pPy3yU6SAMfEPY7ki1KAetiDFfRbkYMiX3F89P9kX01UAePkLRNsjacHF4w7N3EsBsWn1FlGaYZdlzmOI5pg2Q=="],

    "@rspack/core": ["@rspack/core@1.3.11", "", { "dependencies": { "@module-federation/runtime-tools": "0.13.1", "@rspack/binding": "1.3.11", "@rspack/lite-tapable": "1.0.1", "caniuse-lite": "^1.0.30001718" }, "peerDependencies": { "@swc/helpers": ">=0.5.1" }, "optionalPeers": ["@swc/helpers"] }, "sha512-aSYPtT1gum5MCfcFANdTroJ4JwzozuL3wX0twMGNAB7amq6+nZrbsUKWjcHgneCeZdahxzrKdyYef3FHaJ7lEA=="],

    "@rspack/lite-tapable": ["@rspack/lite-tapable@1.0.1", "", {}, "sha512-VynGOEsVw2s8TAlLf/uESfrgfrq2+rcXB1muPJYBWbsm1Oa6r5qVQhjA5ggM6z/coYPrsVMgovl3Ff7Q7OCp1w=="],

    "@rspack/plugin-react-refresh": ["@rspack/plugin-react-refresh@1.4.3", "", { "dependencies": { "error-stack-parser": "^2.1.4", "html-entities": "^2.6.0" }, "peerDependencies": { "react-refresh": ">=0.10.0 <1.0.0", "webpack-hot-middleware": "2.x" }, "optionalPeers": ["webpack-hot-middleware"] }, "sha512-wZx4vWgy5oMEvgyNGd/oUKcdnKaccYWHCRkOqTdAPJC3WcytxhTX+Kady8ERurSBiLyQpoMiU3Iyd+F1Y2Arbw=="],

    "@swc/helpers": ["@swc/helpers@0.5.17", "", { "dependencies": { "tslib": "^2.8.0" } }, "sha512-5IKx/Y13RsYd+sauPb2x+U/xZikHjolzfuDgTAl/Tdf3Q8rslRvC19NKDLgAJQ6wsqADk10ntlv08nPFw/gO/A=="],

    "@types/chrome": ["@types/chrome@0.0.277", "", { "dependencies": { "@types/filesystem": "*", "@types/har-format": "*" } }, "sha512-qoTgBcDWblSsX+jvFnpUlLUE3LAuOhZfBh9MyMWMQHDsQiYVgBvdZWu9COrdB9+aNnInEyXcFgfc2HE16sdSYQ=="],

    "@types/filesystem": ["@types/filesystem@0.0.36", "", { "dependencies": { "@types/filewriter": "*" } }, "sha512-vPDXOZuannb9FZdxgHnqSwAG/jvdGM8Wq+6N4D/d80z+D4HWH+bItqsZaVRQykAn6WEVeEkLm2oQigyHtgb0RA=="],

    "@types/filewriter": ["@types/filewriter@0.0.33", "", {}, "sha512-xFU8ZXTw4gd358lb2jw25nxY9QAgqn2+bKKjKOYfNCzN4DKCFetK7sPtrlpg66Ywe3vWY9FNxprZawAh9wfJ3g=="],

    "@types/har-format": ["@types/har-format@1.2.16", "", {}, "sha512-fluxdy7ryD3MV6h8pTfTYpy/xQzCFC7m89nOH9y94cNqJ1mDIDPut7MnRHI3F6qRmh/cT2fUjG1MLdCNb4hE9A=="],

    "@types/jquery": ["@types/jquery@3.5.32", "", { "dependencies": { "@types/sizzle": "*" } }, "sha512-b9Xbf4CkMqS02YH8zACqN1xzdxc3cO735Qe5AbSUFmyOiaWAbcpqh9Wna+Uk0vgACvoQHpWDg2rGdHkYPLmCiQ=="],

    "@types/node": ["@types/node@22.15.20", "", { "dependencies": { "undici-types": "~6.21.0" } }, "sha512-A6BohGFRGHAscJsTslDCA9JG7qSJr/DWUvrvY8yi9IgnGtMxCyat7vvQ//MFa0DnLsyuS3wYTpLdw4Hf+Q5JXw=="],

    "@types/react": ["@types/react@19.1.5", "", { "dependencies": { "csstype": "^3.0.2" } }, "sha512-piErsCVVbpMMT2r7wbawdZsq4xMvIAhQuac2gedQHysu1TZYEigE6pnFfgZT+/jQnrRuF5r+SHzuehFjfRjr4g=="],

    "@types/react-dom": ["@types/react-dom@19.1.5", "", { "peerDependencies": { "@types/react": "^19.0.0" } }, "sha512-CMCjrWucUBZvohgZxkjd6S9h0nZxXjzus6yDfUb+xLxYM7VvjKNH1tQrE9GWLql1XoOP4/Ds3bwFqShHUYraGg=="],

    "@types/sizzle": ["@types/sizzle@2.3.9", "", {}, "sha512-xzLEyKB50yqCUPUJkIsrVvoWNfFUbIZI+RspLWt8u+tIW/BetMBZtgV2LY/2o+tYH8dRvQ+eoPf3NdhQCcLE2w=="],

    "caniuse-lite": ["caniuse-lite@1.0.30001718", "", {}, "sha512-AflseV1ahcSunK53NfEs9gFWgOEmzr0f+kaMFA4xiLZlr9Hzt7HxcSpIFcnNCUkz6R6dWKa54rUz3HUmI3nVcw=="],

    "chokidar": ["chokidar@4.0.3", "", { "dependencies": { "readdirp": "^4.0.1" } }, "sha512-Qgzu8kfBvo+cA4962jnP1KkS6Dop5NS6g7R5LFYJr4b8Ub94PPQXUksCw9PvXoeXPRRddRNC5C1JQUR2SMGtnA=="],

    "core-js": ["core-js@3.42.0", "", {}, "sha512-Sz4PP4ZA+Rq4II21qkNqOEDTDrCvcANId3xpIgB34NDkWc3UduWj2dqEtN9yZIq8Dk3HyPI33x9sqqU5C8sr0g=="],

    "csstype": ["csstype@3.1.3", "", {}, "sha512-M1uQkMl8rQK/szD0LNhtqxIPLpimGm8sOBwU7lLnCpSbTyY3yeU1Vc7l4KT5zT4s/yOxHH5O7tIuuLOCnLADRw=="],

    "error-stack-parser": ["error-stack-parser@2.1.4", "", { "dependencies": { "stackframe": "^1.3.4" } }, "sha512-Sk5V6wVazPhq5MhpO+AUxJn5x7XSXGl1R93Vn7i+zS15KDVxQijejNCrz8340/2bgLBjR9GtEG8ZVKONDjcqGQ=="],

    "html-entities": ["html-entities@2.6.0", "", {}, "sha512-kig+rMn/QOVRvr7c86gQ8lWXq+Hkv6CbAH1hLu+RG338StTpE8Z0b44SDVaqVu7HGKf27frdmUYEs9hTUX/cLQ=="],

    "jiti": ["jiti@2.4.2", "", { "bin": { "jiti": "lib/jiti-cli.mjs" } }, "sha512-rg9zJN+G4n2nfJl5MW3BMygZX56zKPNVEYYqq7adpmMh4Jn2QNEwhvQlFy6jPVdcod7txZtKHWnyZiA3a0zP7A=="],

    "jquery": ["jquery@3.7.1", "", {}, "sha512-m4avr8yL8kmFN8psrbFFFmB/If14iN5o9nw/NgnnM+kybDJpRsAynV2BsfpTYrTRysYUdADVD7CkUUizgkpLfg=="],

    "react": ["react@19.1.0", "", {}, "sha512-FS+XFBNvn3GTAWq26joslQgWNoFu08F4kl0J4CgdNKADkdSGXQyTCnKteIAJy96Br6YbpEU1LSzV5dYtjMkMDg=="],

    "react-dom": ["react-dom@19.1.0", "", { "dependencies": { "scheduler": "^0.26.0" }, "peerDependencies": { "react": "^19.1.0" } }, "sha512-Xs1hdnE+DyKgeHJeJznQmYMIBG3TKIHJJT95Q58nHLSrElKlGQqDTR2HQ9fx5CN/Gk6Vh/kupBTDLU11/nDk/g=="],

    "react-refresh": ["react-refresh@0.17.0", "", {}, "sha512-z6F7K9bV85EfseRCp2bzrpyQ0Gkw1uLoCel9XBVWPg/TjRj94SkJzUTGfOa4bs7iJvBWtQG0Wq7wnI0syw3EBQ=="],

    "readdirp": ["readdirp@4.1.2", "", {}, "sha512-GDhwkLfywWL2s6vEjyhri+eXmfH6j1L7JE27WhqLeYzoh/A3DBaYGEj2H/HFZCn/kMfim73FXxEJTw06WtxQwg=="],

    "scheduler": ["scheduler@0.26.0", "", {}, "sha512-NlHwttCI/l5gCPR3D1nNXtWABUmBwvZpEQiD4IXSbIDq8BzLIK/7Ir5gTFSGZDUu37K5cMNp0hFtzO38sC7gWA=="],

    "stackframe": ["stackframe@1.3.4", "", {}, "sha512-oeVtt7eWQS+Na6F//S4kJ2K2VbRlS9D43mAlMyVpVWovy9o+jfgH8O9agzANzaiLjclA0oYzUXEM4PurhSUChw=="],

    "tslib": ["tslib@2.8.1", "", {}, "sha512-oJFu94HQb+KVduSUQL7wnpmqnfmLsOA/nAh6b6EH0wCEoK0/mPeXU6c3wKDV83MkOuHPRHtSXKKU99IBazS/2w=="],

    "typescript": ["typescript@5.8.3", "", { "bin": { "tsc": "bin/tsc", "tsserver": "bin/tsserver" } }, "sha512-p1diW6TqL9L07nNxvRMM7hMMw4c5XOo/1ibL4aAIGmSAt9slTE1Xgw5KWuof2uTOvCg9BY7ZRi+GaF+7sfgPeQ=="],

    "undici-types": ["undici-types@6.21.0", "", {}, "sha512-iwDZqg0QAGrg9Rav5H4n0M64c3mkR59cJ6wQp+7C4nI0gsmExaedaYLNO44eT4AtBBwjbTiGPMlt2Md0T9H9JQ=="],
  }
}
